
Microsoft Visual Studio Solution File, Format Version 12.00
# Visual Studio 15
Project("{FAE04EC0-301F-11D3-BF4B-00C04F79EFBC}") = "XamarinFormsCustomPicker.Android", "XamarinFormsCustomPicker.Android\XamarinFormsCustomPicker.Android.csproj", "{AF58DA8E-C786-428C-808A-09383F12A25A}"
EndProject
Project("{FAE04EC0-301F-11D3-BF4B-00C04F79EFBC}") = "XamarinFormsCustomPicker.iOS", "XamarinFormsCustomPicker.iOS\XamarinFormsCustomPicker.iOS.csproj", "{6F411D5C-0ADE-4DDF-BE7D-E9E0C5979DCC}"
EndProject
Project("{FAE04EC0-301F-11D3-BF4B-00C04F79EFBC}") = "XamarinFormsCustomPicker", "XamarinFormsCustomPicker\XamarinFormsCustomPicker.csproj", "{B8F36643-3E96-412A-B219-0EC03F75CA6A}"
EndProject
Global
	GlobalSection(SolutionConfigurationPlatforms) = preSolution
		Debug|Any CPU = Debug|Any CPU
		Release|Any CPU = Release|Any CPU
		Debug|iPhoneSimulator = Debug|iPhoneSimulator
		Release|iPhoneSimulator = Release|iPhoneSimulator
		Debug|iPhone = Debug|iPhone
		Release|iPhone = Release|iPhone
		Ad-Hoc|iPhone = Ad-Hoc|iPhone
		AppStore|iPhone = AppStore|iPhone
	EndGlobalSection
	GlobalSection(ProjectConfigurationPlatforms) = postSolution
		{AF58DA8E-C786-428C-808A-09383F12A25A}.Debug|Any CPU.ActiveCfg = Debug|Any CPU
		{AF58DA8E-C786-428C-808A-09383F12A25A}.Debug|Any CPU.Build.0 = Debug|Any CPU
		{AF58DA8E-C786-428C-808A-09383F12A25A}.Release|Any CPU.ActiveCfg = Release|Any CPU
		{AF58DA8E-C786-428C-808A-09383F12A25A}.Release|Any CPU.Build.0 = Release|Any CPU
		{AF58DA8E-C786-428C-808A-09383F12A25A}.Debug|iPhoneSimulator.ActiveCfg = Debug|Any CPU
		{AF58DA8E-C786-428C-808A-09383F12A25A}.Debug|iPhoneSimulator.Build.0 = Debug|Any CPU
		{AF58DA8E-C786-428C-808A-09383F12A25A}.Release|iPhoneSimulator.ActiveCfg = Release|Any CPU
		{AF58DA8E-C786-428C-808A-09383F12A25A}.Release|iPhoneSimulator.Build.0 = Release|Any CPU
		{AF58DA8E-C786-428C-808A-09383F12A25A}.Debug|iPhone.ActiveCfg = Debug|Any CPU
		{AF58DA8E-C786-428C-808A-09383F12A25A}.Debug|iPhone.Build.0 = Debug|Any CPU
		{AF58DA8E-C786-428C-808A-09383F12A25A}.Release|iPhone.ActiveCfg = Release|Any CPU
		{AF58DA8E-C786-428C-808A-09383F12A25A}.Release|iPhone.Build.0 = Release|Any CPU
		{AF58DA8E-C786-428C-808A-09383F12A25A}.Ad-Hoc|iPhone.ActiveCfg = Debug|Any CPU
		{AF58DA8E-C786-428C-808A-09383F12A25A}.Ad-Hoc|iPhone.Build.0 = Debug|Any CPU
		{AF58DA8E-C786-428C-808A-09383F12A25A}.AppStore|iPhone.ActiveCfg = Debug|Any CPU
		{AF58DA8E-C786-428C-808A-09383F12A25A}.AppStore|iPhone.Build.0 = Debug|Any CPU
		{6F411D5C-0ADE-4DDF-BE7D-E9E0C5979DCC}.Debug|Any CPU.ActiveCfg = Debug|iPhoneSimulator
		{6F411D5C-0ADE-4DDF-BE7D-E9E0C5979DCC}.Debug|Any CPU.Build.0 = Debug|iPhoneSimulator
		{6F411D5C-0ADE-4DDF-BE7D-E9E0C5979DCC}.Release|Any CPU.ActiveCfg = Release|iPhoneSimulator
		{6F411D5C-0ADE-4DDF-BE7D-E9E0C5979DCC}.Release|Any CPU.Build.0 = Release|iPhoneSimulator
		{6F411D5C-0ADE-4DDF-BE7D-E9E0C5979DCC}.Debug|iPhoneSimulator.ActiveCfg = Debug|iPhoneSimulator
		{6F411D5C-0ADE-4DDF-BE7D-E9E0C5979DCC}.Debug|iPhoneSimulator.Build.0 = Debug|iPhoneSimulator
		{6F411D5C-0ADE-4DDF-BE7D-E9E0C5979DCC}.Release|iPhoneSimulator.ActiveCfg = Release|iPhoneSimulator
		{6F411D5C-0ADE-4DDF-BE7D-E9E0C5979DCC}.Release|iPhoneSimulator.Build.0 = Release|iPhoneSimulator
		{6F411D5C-0ADE-4DDF-BE7D-E9E0C5979DCC}.Debug|iPhone.ActiveCfg = Debug|iPhone
		{6F411D5C-0ADE-4DDF-BE7D-E9E0C5979DCC}.Debug|iPhone.Build.0 = Debug|iPhone
		{6F411D5C-0ADE-4DDF-BE7D-E9E0C5979DCC}.Release|iPhone.ActiveCfg = Release|iPhone
		{6F411D5C-0ADE-4DDF-BE7D-E9E0C5979DCC}.Release|iPhone.Build.0 = Release|iPhone
		{6F411D5C-0ADE-4DDF-BE7D-E9E0C5979DCC}.Ad-Hoc|iPhone.ActiveCfg = Ad-Hoc|iPhone
		{6F411D5C-0ADE-4DDF-BE7D-E9E0C5979DCC}.Ad-Hoc|iPhone.Build.0 = Ad-Hoc|iPhone
		{6F411D5C-0ADE-4DDF-BE7D-E9E0C5979DCC}.AppStore|iPhone.ActiveCfg = AppStore|iPhone
		{6F411D5C-0ADE-4DDF-BE7D-E9E0C5979DCC}.AppStore|iPhone.Build.0 = AppStore|iPhone
		{B8F36643-3E96-412A-B219-0EC03F75CA6A}.Debug|Any CPU.ActiveCfg = Debug|Any CPU
		{B8F36643-3E96-412A-B219-0EC03F75CA6A}.Debug|Any CPU.Build.0 = Debug|Any CPU
		{B8F36643-3E96-412A-B219-0EC03F75CA6A}.Release|Any CPU.ActiveCfg = Release|Any CPU
		{B8F36643-3E96-412A-B219-0EC03F75CA6A}.Release|Any CPU.Build.0 = Release|Any CPU
		{B8F36643-3E96-412A-B219-0EC03F75CA6A}.Debug|iPhoneSimulator.ActiveCfg = Debug|Any CPU
		{B8F36643-3E96-412A-B219-0EC03F75CA6A}.Debug|iPhoneSimulator.Build.0 = Debug|Any CPU
		{B8F36643-3E96-412A-B219-0EC03F75CA6A}.Release|iPhoneSimulator.ActiveCfg = Release|Any CPU
		{B8F36643-3E96-412A-B219-0EC03F75CA6A}.Release|iPhoneSimulator.Build.0 = Release|Any CPU
		{B8F36643-3E96-412A-B219-0EC03F75CA6A}.Debug|iPhone.ActiveCfg = Debug|Any CPU
		{B8F36643-3E96-412A-B219-0EC03F75CA6A}.Debug|iPhone.Build.0 = Debug|Any CPU
		{B8F36643-3E96-412A-B219-0EC03F75CA6A}.Release|iPhone.ActiveCfg = Release|Any CPU
		{B8F36643-3E96-412A-B219-0EC03F75CA6A}.Release|iPhone.Build.0 = Release|Any CPU
		{B8F36643-3E96-412A-B219-0EC03F75CA6A}.Ad-Hoc|iPhone.ActiveCfg = Debug|Any CPU
		{B8F36643-3E96-412A-B219-0EC03F75CA6A}.Ad-Hoc|iPhone.Build.0 = Debug|Any CPU
		{B8F36643-3E96-412A-B219-0EC03F75CA6A}.AppStore|iPhone.ActiveCfg = Debug|Any CPU
		{B8F36643-3E96-412A-B219-0EC03F75CA6A}.AppStore|iPhone.Build.0 = Debug|Any CPU
	EndGlobalSection
EndGlobal
